// !$*UTF8*$!
{
	archiveVersion = 1;
	classes = {
	};
	objectVersion = 50;
	objects = {

/* Begin PBXBuildFile section */
		317913DC229D3AF800016D00 /* main.cpp in Sources */ = {isa = PBXBuildFile; fileRef = 317913DB229D3AF800016D00 /* main.cpp */; };
		31DBC886229D28490091376A /* main.cpp in Sources */ = {isa = PBXBuildFile; fileRef = 31DBC885229D28490091376A /* main.cpp */; };
		31DBC893229D286C0091376A /* main.cpp in Sources */ = {isa = PBXBuildFile; fileRef = 31DBC892229D286C0091376A /* main.cpp */; };
/* End PBXBuildFile section */

/* Begin PBXCopyFilesBuildPhase section */
		317913D7229D3AF800016D00 /* CopyFiles */ = {
			isa = PBXCopyFilesBuildPhase;
			buildActionMask = 2147483647;
			dstPath = /usr/share/man/man1/;
			dstSubfolderSpec = 0;
			files = (
			);
			runOnlyForDeploymentPostprocessing = 1;
		};
		31DBC880229D28490091376A /* CopyFiles */ = {
			isa = PBXCopyFilesBuildPhase;
			buildActionMask = 2147483647;
			dstPath = /usr/share/man/man1/;
			dstSubfolderSpec = 0;
			files = (
			);
			runOnlyForDeploymentPostprocessing = 1;
		};
		31DBC88E229D286C0091376A /* CopyFiles */ = {
			isa = PBXCopyFilesBuildPhase;
			buildActionMask = 2147483647;
			dstPath = /usr/share/man/man1/;
			dstSubfolderSpec = 0;
			files = (
			);
			runOnlyForDeploymentPostprocessing = 1;
		};
/* End PBXCopyFilesBuildPhase section */

/* Begin PBXFileReference section */
		317913D3229D34FE00016D00 /* pixel.png */ = {isa = PBXFileReference; lastKnownFileType = image.png; path = pixel.png; sourceTree = "<group>"; };
		317913D9229D3AF800016D00 /* Chapter 2: The vec3 class */ = {isa = PBXFileReference; explicitFileType = "compiled.mach-o.executable"; includeInIndex = 0; path = "Chapter 2: The vec3 class"; sourceTree = BUILT_PRODUCTS_DIR; };
		317913DB229D3AF800016D00 /* main.cpp */ = {isa = PBXFileReference; lastKnownFileType = sourcecode.cpp.cpp; path = main.cpp; sourceTree = "<group>"; };
		31DBC882229D28490091376A /* RayTracingInOneWeekend */ = {isa = PBXFileReference; explicitFileType = "compiled.mach-o.executable"; includeInIndex = 0; path = RayTracingInOneWeekend; sourceTree = BUILT_PRODUCTS_DIR; };
		31DBC885229D28490091376A /* main.cpp */ = {isa = PBXFileReference; lastKnownFileType = sourcecode.cpp.cpp; path = main.cpp; sourceTree = "<group>"; };
		31DBC890229D286C0091376A /* Chapter 1: Output an image */ = {isa = PBXFileReference; explicitFileType = "compiled.mach-o.executable"; includeInIndex = 0; path = "Chapter 1: Output an image"; sourceTree = BUILT_PRODUCTS_DIR; };
		31DBC892229D286C0091376A /* main.cpp */ = {isa = PBXFileReference; lastKnownFileType = sourcecode.cpp.cpp; path = main.cpp; sourceTree = "<group>"; };
		31DBC89A229D302B0091376A /* README.md */ = {isa = PBXFileReference; lastKnownFileType = net.daringfireball.markdown; path = README.md; sourceTree = "<group>"; };
/* End PBXFileReference section */

/* Begin PBXFrameworksBuildPhase section */
		317913D6229D3AF800016D00 /* Frameworks */ = {
			isa = PBXFrameworksBuildPhase;
			buildActionMask = 2147483647;
			files = (
			);
			runOnlyForDeploymentPostprocessing = 0;
		};
		31DBC87F229D28490091376A /* Frameworks */ = {
			isa = PBXFrameworksBuildPhase;
			buildActionMask = 2147483647;
			files = (
			);
			runOnlyForDeploymentPostprocessing = 0;
		};
		31DBC88D229D286C0091376A /* Frameworks */ = {
			isa = PBXFrameworksBuildPhase;
			buildActionMask = 2147483647;
			files = (
			);
			runOnlyForDeploymentPostprocessing = 0;
		};
/* End PBXFrameworksBuildPhase section */

/* Begin PBXGroup section */
		317913D4229D357100016D00 /* images */ = {
			isa = PBXGroup;
			children = (
			);
			path = images;
			sourceTree = "<group>";
		};
		317913DA229D3AF800016D00 /* Chapter 2: The vec3 class */ = {
			isa = PBXGroup;
			children = (
				317913DB229D3AF800016D00 /* main.cpp */,
			);
			path = "Chapter 2: The vec3 class";
			sourceTree = "<group>";
		};
		317913E0229D3B7B00016D00 /* images */ = {
			isa = PBXGroup;
			children = (
				317913D3229D34FE00016D00 /* pixel.png */,
			);
			path = images;
			sourceTree = "<group>";
		};
		31DBC879229D28490091376A = {
			isa = PBXGroup;
			children = (
				31DBC884229D28490091376A /* RayTracingInOneWeekend */,
				31DBC891229D286C0091376A /* Chapter 1: Output an image */,
				317913DA229D3AF800016D00 /* Chapter 2: The vec3 class */,
				31DBC883229D28490091376A /* Products */,
			);
			sourceTree = "<group>";
		};
		31DBC883229D28490091376A /* Products */ = {
			isa = PBXGroup;
			children = (
				31DBC882229D28490091376A /* RayTracingInOneWeekend */,
				31DBC890229D286C0091376A /* Chapter 1: Output an image */,
				317913D9229D3AF800016D00 /* Chapter 2: The vec3 class */,
			);
			name = Products;
			sourceTree = "<group>";
		};
		31DBC884229D28490091376A /* RayTracingInOneWeekend */ = {
			isa = PBXGroup;
			children = (
				317913D4229D357100016D00 /* images */,
				31DBC885229D28490091376A /* main.cpp */,
			);
			path = RayTracingInOneWeekend;
			sourceTree = "<group>";
		};
		31DBC891229D286C0091376A /* Chapter 1: Output an image */ = {
			isa = PBXGroup;
			children = (
				317913E0229D3B7B00016D00 /* images */,
				31DBC89A229D302B0091376A /* README.md */,
				31DBC892229D286C0091376A /* main.cpp */,
			);
			path = "Chapter 1: Output an image";
			sourceTree = "<group>";
		};
/* End PBXGroup section */

/* Begin PBXNativeTarget section */
		317913D8229D3AF800016D00 /* Chapter 2: The vec3 class */ = {
			isa = PBXNativeTarget;
			buildConfigurationList = 317913DD229D3AF800016D00 /* Build configuration list for PBXNativeTarget "Chapter 2: The vec3 class" */;
			buildPhases = (
				317913D5229D3AF800016D00 /* Sources */,
				317913D6229D3AF800016D00 /* Frameworks */,
				317913D7229D3AF800016D00 /* CopyFiles */,
			);
			buildRules = (
			);
			dependencies = (
			);
			name = "Chapter 2: The vec3 class";
			productName = "Chapter 2: The vec3 class";
			productReference = 317913D9229D3AF800016D00 /* Chapter 2: The vec3 class */;
			productType = "com.apple.product-type.tool";
		};
		31DBC881229D28490091376A /* RayTracingInOneWeekend */ = {
			isa = PBXNativeTarget;
			buildConfigurationList = 31DBC889229D28490091376A /* Build configuration list for PBXNativeTarget "RayTracingInOneWeekend" */;
			buildPhases = (
				31DBC87E229D28490091376A /* Sources */,
				31DBC87F229D28490091376A /* Frameworks */,
				31DBC880229D28490091376A /* CopyFiles */,
			);
			buildRules = (
			);
			dependencies = (
			);
			name = RayTracingInOneWeekend;
			productName = RayTracingInOneWeekend;
			productReference = 31DBC882229D28490091376A /* RayTracingInOneWeekend */;
			productType = "com.apple.product-type.tool";
		};
		31DBC88F229D286C0091376A /* Chapter 1: Output an image */ = {
			isa = PBXNativeTarget;
			buildConfigurationList = 31DBC894229D286C0091376A /* Build configuration list for PBXNativeTarget "Chapter 1: Output an image" */;
			buildPhases = (
				31DBC88C229D286C0091376A /* Sources */,
				31DBC88D229D286C0091376A /* Frameworks */,
				31DBC88E229D286C0091376A /* CopyFiles */,
			);
			buildRules = (
			);
			dependencies = (
			);
			name = "Chapter 1: Output an image";
			productName = "Chapter 1: Output an image";
			productReference = 31DBC890229D286C0091376A /* Chapter 1: Output an image */;
			productType = "com.apple.product-type.tool";
		};
/* End PBXNativeTarget section */

/* Begin PBXProject section */
		31DBC87A229D28490091376A /* Project object */ = {
			isa = PBXProject;
			attributes = {
				LastUpgradeCheck = 1020;
				ORGANIZATIONNAME = yuxuanliu;
				TargetAttributes = {
					317913D8229D3AF800016D00 = {
						CreatedOnToolsVersion = 10.2.1;
					};
					31DBC881229D28490091376A = {
						CreatedOnToolsVersion = 10.2.1;
					};
					31DBC88F229D286C0091376A = {
						CreatedOnToolsVersion = 10.2.1;
					};
				};
			};
			buildConfigurationList = 31DBC87D229D28490091376A /* Build configuration list for PBXProject "RayTracingInOneWeekend" */;
			compatibilityVersion = "Xcode 9.3";
			developmentRegion = en;
			hasScannedForEncodings = 0;
			knownRegions = (
				en,
			);
			mainGroup = 31DBC879229D28490091376A;
			productRefGroup = 31DBC883229D28490091376A /* Products */;
			projectDirPath = "";
			projectRoot = "";
			targets = (
				31DBC881229D28490091376A /* RayTracingInOneWeekend */,
				31DBC88F229D286C0091376A /* Chapter 1: Output an image */,
				317913D8229D3AF800016D00 /* Chapter 2: The vec3 class */,
			);
		};
/* End PBXProject section */

/* Begin PBXSourcesBuildPhase section */
		317913D5229D3AF800016D00 /* Sources */ = {
			isa = PBXSourcesBuildPhase;
			buildActionMask = 2147483647;
			files = (
				317913DC229D3AF800016D00 /* main.cpp in Sources */,
			);
			runOnlyForDeploymentPostprocessing = 0;
		};
		31DBC87E229D28490091376A /* Sources */ = {
			isa = PBXSourcesBuildPhase;
			buildActionMask = 2147483647;
			files = (
				31DBC886229D28490091376A /* main.cpp in Sources */,
			);
			runOnlyForDeploymentPostprocessing = 0;
		};
		31DBC88C229D286C0091376A /* Sources */ = {
			isa = PBXSourcesBuildPhase;
			buildActionMask = 2147483647;
			files = (
				31DBC893229D286C0091376A /* main.cpp in Sources */,
			);
			runOnlyForDeploymentPostprocessing = 0;
		};
/* End PBXSourcesBuildPhase section */

/* Begin XCBuildConfiguration section */
		317913DE229D3AF800016D00 /* Debug */ = {
			isa = XCBuildConfiguration;
			buildSettings = {
				CODE_SIGN_STYLE = Automatic;
				DEVELOPMENT_TEAM = 4P6TC657TC;
				PRODUCT_NAME = "$(TARGET_NAME)";
			};
			name = Debug;
		};
		317913DF229D3AF800016D00 /* Release */ = {
			isa = XCBuildConfiguration;
			buildSettings = {
				CODE_SIGN_STYLE = Automatic;
				DEVELOPMENT_TEAM = 4P6TC657TC;
				PRODUCT_NAME = "$(TARGET_NAME)";
			};
			name = Release;
		};
		31DBC887229D28490091376A /* Debug */ = {
			isa = XCBuildConfiguration;
			buildSettings = {
				ALWAYS_SEARCH_USER_PATHS = NO;
				CLANG_ANALYZER_NONNULL = YES;
				CLANG_ANALYZER_NUMBER_OBJECT_CONVERSION = YES_AGGRESSIVE;
				CLANG_CXX_LANGUAGE_STANDARD = "gnu++14";
				CLANG_CXX_LIBRARY = "libc++";
				CLANG_ENABLE_MODULES = YES;
				CLANG_ENABLE_OBJC_ARC = YES;
				CLANG_ENABLE_OBJC_WEAK = YES;
				CLANG_WARN_BLOCK_CAPTURE_AUTORELEASING = YES;
				CLANG_WARN_BOOL_CONVERSION = YES;
				CLANG_WARN_COMMA = YES;
				CLANG_WARN_CONSTANT_CONVERSION = YES;
				CLANG_WARN_DEPRECATED_OBJC_IMPLEMENTATIONS = YES;
				CLANG_WARN_DIRECT_OBJC_ISA_USAGE = YES_ERROR;
				CLANG_WARN_DOCUMENTATION_COMMENTS = YES;
				CLANG_WARN_EMPTY_BODY = YES;
				CLANG_WARN_ENUM_CONVERSION = YES;
				CLANG_WARN_INFINITE_RECURSION = YES;
				CLANG_WARN_INT_CONVERSION = YES;
				CLANG_WARN_NON_LITERAL_NULL_CONVERSION = YES;
				CLANG_WARN_OBJC_IMPLICIT_RETAIN_SELF = YES;
				CLANG_WARN_OBJC_LITERAL_CONVERSION = YES;
				CLANG_WARN_OBJC_ROOT_CLASS = YES_ERROR;
				CLANG_WARN_RANGE_LOOP_ANALYSIS = YES;
				CLANG_WARN_STRICT_PROTOTYPES = YES;
				CLANG_WARN_SUSPICIOUS_MOVE = YES;
				CLANG_WARN_UNGUARDED_AVAILABILITY = YES_AGGRESSIVE;
				CLANG_WARN_UNREACHABLE_CODE = YES;
				CLANG_WARN__DUPLICATE_METHOD_MATCH = YES;
				CODE_SIGN_IDENTITY = "Mac Developer";
				COPY_PHASE_STRIP = NO;
				DEBUG_INFORMATION_FORMAT = dwarf;
				ENABLE_STRICT_OBJC_MSGSEND = YES;
				ENABLE_TESTABILITY = YES;
				GCC_C_LANGUAGE_STANDARD = gnu11;
				GCC_DYNAMIC_NO_PIC = NO;
				GCC_NO_COMMON_BLOCKS = YES;
				GCC_OPTIMIZATION_LEVEL = 0;
				GCC_PREPROCESSOR_DEFINITIONS = (
					"DEBUG=1",
					"$(inherited)",
				);
				GCC_WARN_64_TO_32_BIT_CONVERSION = YES;
				GCC_WARN_ABOUT_RETURN_TYPE = YES_ERROR;
				GCC_WARN_UNDECLARED_SELECTOR = YES;
				GCC_WARN_UNINITIALIZED_AUTOS = YES_AGGRESSIVE;
				GCC_WARN_UNUSED_FUNCTION = YES;
				GCC_WARN_UNUSED_VARIABLE = YES;
				MACOSX_DEPLOYMENT_TARGET = 10.14;
				MTL_ENABLE_DEBUG_INFO = INCLUDE_SOURCE;
				MTL_FAST_MATH = YES;
				ONLY_ACTIVE_ARCH = YES;
				SDKROOT = macosx;
			};
			name = Debug;
		};
		31DBC888229D28490091376A /* Release */ = {
			isa = XCBuildConfiguration;
			buildSettings = {
				ALWAYS_SEARCH_USER_PATHS = NO;
				CLANG_ANALYZER_NONNULL = YES;
				CLANG_ANALYZER_NUMBER_OBJECT_CONVERSION = YES_AGGRESSIVE;
				CLANG_CXX_LANGUAGE_STANDARD = "gnu++14";
				CLANG_CXX_LIBRARY = "libc++";
				CLANG_ENABLE_MODULES = YES;
				CLANG_ENABLE_OBJC_ARC = YES;
				CLANG_ENABLE_OBJC_WEAK = YES;
				CLANG_WARN_BLOCK_CAPTURE_AUTORELEASING = YES;
				CLANG_WARN_BOOL_CONVERSION = YES;
				CLANG_WARN_COMMA = YES;
				CLANG_WARN_CONSTANT_CONVERSION = YES;
				CLANG_WARN_DEPRECATED_OBJC_IMPLEMENTATIONS = YES;
				CLANG_WARN_DIRECT_OBJC_ISA_USAGE = YES_ERROR;
				CLANG_WARN_DOCUMENTATION_COMMENTS = YES;
				CLANG_WARN_EMPTY_BODY = YES;
				CLANG_WARN_ENUM_CONVERSION = YES;
				CLANG_WARN_INFINITE_RECURSION = YES;
				CLANG_WARN_INT_CONVERSION = YES;
				CLANG_WARN_NON_LITERAL_NULL_CONVERSION = YES;
				CLANG_WARN_OBJC_IMPLICIT_RETAIN_SELF = YES;
				CLANG_WARN_OBJC_LITERAL_CONVERSION = YES;
				CLANG_WARN_OBJC_ROOT_CLASS = YES_ERROR;
				CLANG_WARN_RANGE_LOOP_ANALYSIS = YES;
				CLANG_WARN_STRICT_PROTOTYPES = YES;
				CLANG_WARN_SUSPICIOUS_MOVE = YES;
				CLANG_WARN_UNGUARDED_AVAILABILITY = YES_AGGRESSIVE;
				CLANG_WARN_UNREACHABLE_CODE = YES;
				CLANG_WARN__DUPLICATE_METHOD_MATCH = YES;
				CODE_SIGN_IDENTITY = "Mac Developer";
				COPY_PHASE_STRIP = NO;
				DEBUG_INFORMATION_FORMAT = "dwarf-with-dsym";
				ENABLE_NS_ASSERTIONS = NO;
				ENABLE_STRICT_OBJC_MSGSEND = YES;
				GCC_C_LANGUAGE_STANDARD = gnu11;
				GCC_NO_COMMON_BLOCKS = YES;
				GCC_WARN_64_TO_32_BIT_CONVERSION = YES;
				GCC_WARN_ABOUT_RETURN_TYPE = YES_ERROR;
				GCC_WARN_UNDECLARED_SELECTOR = YES;
				GCC_WARN_UNINITIALIZED_AUTOS = YES_AGGRESSIVE;
				GCC_WARN_UNUSED_FUNCTION = YES;
				GCC_WARN_UNUSED_VARIABLE = YES;
				MACOSX_DEPLOYMENT_TARGET = 10.14;
				MTL_ENABLE_DEBUG_INFO = NO;
				MTL_FAST_MATH = YES;
				SDKROOT = macosx;
			};
			name = Release;
		};
		31DBC88A229D28490091376A /* Debug */ = {
			isa = XCBuildConfiguration;
			buildSettings = {
				CODE_SIGN_STYLE = Automatic;
				DEVELOPMENT_TEAM = 4P6TC657TC;
				PRODUCT_NAME = "$(TARGET_NAME)";
			};
			name = Debug;
		};
		31DBC88B229D28490091376A /* Release */ = {
			isa = XCBuildConfiguration;
			buildSettings = {
				CODE_SIGN_STYLE = Automatic;
				DEVELOPMENT_TEAM = 4P6TC657TC;
				PRODUCT_NAME = "$(TARGET_NAME)";
			};
			name = Release;
		};
		31DBC895229D286C0091376A /* Debug */ = {
			isa = XCBuildConfiguration;
			buildSettings = {
				CODE_SIGN_STYLE = Automatic;
				DEVELOPMENT_TEAM = 4P6TC657TC;
				PRODUCT_NAME = "$(TARGET_NAME)";
			};
			name = Debug;
		};
		31DBC896229D286C0091376A /* Release */ = {
			isa = XCBuildConfiguration;
			buildSettings = {
				CODE_SIGN_STYLE = Automatic;
				DEVELOPMENT_TEAM = 4P6TC657TC;
				PRODUCT_NAME = "$(TARGET_NAME)";
			};
			name = Release;
		};
/* End XCBuildConfiguration section */

/* Begin XCConfigurationList section */
		317913DD229D3AF800016D00 /* Build configuration list for PBXNativeTarget "Chapter 2: The vec3 class" */ = {
			isa = XCConfigurationList;
			buildConfigurations = (
				317913DE229D3AF800016D00 /* Debug */,
				317913DF229D3AF800016D00 /* Release */,
			);
			defaultConfigurationIsVisible = 0;
			defaultConfigurationName = Release;
		};
		31DBC87D229D28490091376A /* Build configuration list for PBXProject "RayTracingInOneWeekend" */ = {
			isa = XCConfigurationList;
			buildConfigurations = (
				31DBC887229D28490091376A /* Debug */,
				31DBC888229D28490091376A /* Release */,
			);
			defaultConfigurationIsVisible = 0;
			defaultConfigurationName = Release;
		};
		31DBC889229D28490091376A /* Build configuration list for PBXNativeTarget "RayTracingInOneWeekend" */ = {
			isa = XCConfigurationList;
			buildConfigurations = (
				31DBC88A229D28490091376A /* Debug */,
				31DBC88B229D28490091376A /* Release */,
			);
			defaultConfigurationIsVisible = 0;
			defaultConfigurationName = Release;
		};
		31DBC894229D286C0091376A /* Build configuration list for PBXNativeTarget "Chapter 1: Output an image" */ = {
			isa = XCConfigurationList;
			buildConfigurations = (
				31DBC895229D286C0091376A /* Debug */,
				31DBC896229D286C0091376A /* Release */,
			);
			defaultConfigurationIsVisible = 0;
			defaultConfigurationName = Release;
		};
/* End XCConfigurationList section */
	};
	rootObject = 31DBC87A229D28490091376A /* Project object */;
}
